
Microsoft Visual Studio Solution File, Format Version 12.00
# Visual Studio Version 16
VisualStudioVersion = 16.0.31005.135
MinimumVisualStudioVersion = 10.0.40219.1
Project("{FAE04EC0-301F-11D3-BF4B-00C04F79EFBC}") = "CarPriceSettlement", "CarPriceSettlement.csproj", "{6EEAA5D5-49CC-4E5F-9C3D-A9502EA25EAF}"
EndProject
Global
	GlobalSection(SolutionConfigurationPlatforms) = preSolution
		Debug|Any CPU = Debug|Any CPU
		Release|Any CPU = Release|Any CPU
	EndGlobalSection
	GlobalSection(ProjectConfigurationPlatforms) = postSolution
		{6EEAA5D5-49CC-4E5F-9C3D-A9502EA25EAF}.Debug|Any CPU.ActiveCfg = Debug|Any CPU
		{6EEAA5D5-49CC-4E5F-9C3D-A9502EA25EAF}.Debug|Any CPU.Build.0 = Debug|Any CPU
		{6EEAA5D5-49CC-4E5F-9C3D-A9502EA25EAF}.Release|Any CPU.ActiveCfg = Release|Any CPU
		{6EEAA5D5-49CC-4E5F-9C3D-A9502EA25EAF}.Release|Any CPU.Build.0 = Release|Any CPU
	EndGlobalSection
	GlobalSection(SolutionProperties) = preSolution
		HideSolutionNode = FALSE
	EndGlobalSection
	GlobalSection(ExtensibilityGlobals) = postSolution
		SolutionGuid = {32039503-8907-474E-84BE-6A8B17E10CBB}
	EndGlobalSection
EndGlobal
